PODS:
  - boost-for-react-native (1.63.0)
  - Crashlytics (3.14.0):
    - Fabric (~> 1.10.2)
  - DoubleConversion (1.1.6)
  - Fabric (1.10.2)
  - FBLazyVector (0.62.0)
  - FBReactNativeSpec (0.62.0):
    - Folly (= 2018.10.22.00)
    - RCTRequired (= 0.62.0)
    - RCTTypeSafety (= 0.62.0)
    - React-Core (= 0.62.0)
    - React-jsi (= 0.62.0)
    - ReactCommon/turbomodule/core (= 0.62.0)
  - Firebase/Core (6.25.0):
    - Firebase/CoreOnly
    - FirebaseAnalytics (= 6.5.1)
  - Firebase/CoreOnly (6.25.0):
    - FirebaseCore (= 6.7.1)
  - FirebaseAnalytics (6.5.1):
    - FirebaseCore (~> 6.7)
    - FirebaseInstallations (~> 1.2)
    - GoogleAppMeasurement (= 6.5.1)
    - GoogleUtilities/AppDelegateSwizzler (~> 6.0)
    - GoogleUtilities/MethodSwizzler (~> 6.0)
    - GoogleUtilities/Network (~> 6.0)
    - "GoogleUtilities/NSData+zlib (~> 6.0)"
    - nanopb (~> 1.30905.0)
  - FirebaseCore (6.7.1):
    - FirebaseCoreDiagnostics (~> 1.3)
    - FirebaseCoreDiagnosticsInterop (~> 1.2)
    - GoogleUtilities/Environment (~> 6.5)
    - GoogleUtilities/Logger (~> 6.5)
  - FirebaseCoreDiagnostics (1.3.0):
    - FirebaseCoreDiagnosticsInterop (~> 1.2)
    - GoogleDataTransportCCTSupport (~> 3.1)
    - GoogleUtilities/Environment (~> 6.5)
    - GoogleUtilities/Logger (~> 6.5)
    - nanopb (~> 1.30905.0)
  - FirebaseCoreDiagnosticsInterop (1.2.0)
  - FirebaseInstallations (1.2.0):
    - FirebaseCore (~> 6.6)
    - GoogleUtilities/Environment (~> 6.6)
    - GoogleUtilities/UserDefaults (~> 6.6)
    - PromisesObjC (~> 1.2)
  - Folly (2018.10.22.00):
    - boost-for-react-native
    - DoubleConversion
    - Folly/Default (= 2018.10.22.00)
    - glog
  - Folly/Default (2018.10.22.00):
    - boost-for-react-native
    - DoubleConversion
    - glog
  - glog (0.3.5)
  - Google-Maps-iOS-Utils (2.1.0):
    - Google-Maps-iOS-Utils/Clustering (= 2.1.0)
    - Google-Maps-iOS-Utils/Geometry (= 2.1.0)
    - Google-Maps-iOS-Utils/Heatmap (= 2.1.0)
    - Google-Maps-iOS-Utils/QuadTree (= 2.1.0)
    - GoogleMaps
  - Google-Maps-iOS-Utils/Clustering (2.1.0):
    - Google-Maps-iOS-Utils/QuadTree
    - GoogleMaps
  - Google-Maps-iOS-Utils/Geometry (2.1.0):
    - GoogleMaps
  - Google-Maps-iOS-Utils/Heatmap (2.1.0):
    - Google-Maps-iOS-Utils/QuadTree
    - GoogleMaps
  - Google-Maps-iOS-Utils/QuadTree (2.1.0):
    - GoogleMaps
  - GoogleAppMeasurement (6.5.1):
    - GoogleUtilities/AppDelegateSwizzler (~> 6.0)
    - GoogleUtilities/MethodSwizzler (~> 6.0)
    - GoogleUtilities/Network (~> 6.0)
    - "GoogleUtilities/NSData+zlib (~> 6.0)"
    - nanopb (~> 1.30905.0)
  - GoogleDataTransport (6.1.1)
  - GoogleDataTransportCCTSupport (3.1.0):
    - GoogleDataTransport (~> 6.1)
    - nanopb (~> 1.30905.0)
  - GoogleMaps (3.2.0):
    - GoogleMaps/Maps (= 3.2.0)
  - GoogleMaps/Base (3.2.0)
  - GoogleMaps/Maps (3.2.0):
    - GoogleMaps/Base
  - GoogleUtilities/AppDelegateSwizzler (6.6.0):
    - GoogleUtilities/Environment
    - GoogleUtilities/Logger
    - GoogleUtilities/Network
  - GoogleUtilities/Environment (6.6.0):
    - PromisesObjC (~> 1.2)
  - GoogleUtilities/Logger (6.6.0):
    - GoogleUtilities/Environment
  - GoogleUtilities/MethodSwizzler (6.6.0):
    - GoogleUtilities/Logger
  - GoogleUtilities/Network (6.6.0):
    - GoogleUtilities/Logger
    - "GoogleUtilities/NSData+zlib"
    - GoogleUtilities/Reachability
  - "GoogleUtilities/NSData+zlib (6.6.0)"
  - GoogleUtilities/Reachability (6.6.0):
    - GoogleUtilities/Logger
  - GoogleUtilities/UserDefaults (6.6.0):
    - GoogleUtilities/Logger
  - nanopb (1.30905.0):
    - nanopb/decode (= 1.30905.0)
    - nanopb/encode (= 1.30905.0)
  - nanopb/decode (1.30905.0)
  - nanopb/encode (1.30905.0)
  - PromisesObjC (1.2.8)
  - RCTRequired (0.62.0)
  - RCTRestart (0.0.14):
    - React
  - RCTTypeSafety (0.62.0):
    - FBLazyVector (= 0.62.0)
    - Folly (= 2018.10.22.00)
    - RCTRequired (= 0.62.0)
    - React-Core (= 0.62.0)
  - React (0.62.0):
    - React-Core (= 0.62.0)
    - React-Core/DevSupport (= 0.62.0)
    - React-Core/RCTWebSocket (= 0.62.0)
    - React-RCTActionSheet (= 0.62.0)
    - React-RCTAnimation (= 0.62.0)
    - React-RCTBlob (= 0.62.0)
    - React-RCTImage (= 0.62.0)
    - React-RCTLinking (= 0.62.0)
    - React-RCTNetwork (= 0.62.0)
    - React-RCTSettings (= 0.62.0)
    - React-RCTText (= 0.62.0)
    - React-RCTVibration (= 0.62.0)
  - React-Core (0.62.0):
    - Folly (= 2018.10.22.00)
    - glog
    - React-Core/Default (= 0.62.0)
    - React-cxxreact (= 0.62.0)
    - React-jsi (= 0.62.0)
    - React-jsiexecutor (= 0.62.0)
    - Yoga
  - React-Core/CoreModulesHeaders (0.62.0):
    - Folly (= 2018.10.22.00)
    - glog
    - React-Core/Default
    - React-cxxreact (= 0.62.0)
    - React-jsi (= 0.62.0)
    - React-jsiexecutor (= 0.62.0)
    - Yoga
  - React-Core/Default (0.62.0):
    - Folly (= 2018.10.22.00)
    - glog
    - React-cxxreact (= 0.62.0)
    - React-jsi (= 0.62.0)
    - React-jsiexecutor (= 0.62.0)
    - Yoga
  - React-Core/DevSupport (0.62.0):
    - Folly (= 2018.10.22.00)
    - glog
    - React-Core/Default (= 0.62.0)
    - React-Core/RCTWebSocket (= 0.62.0)
    - React-cxxreact (= 0.62.0)
    - React-jsi (= 0.62.0)
    - React-jsiexecutor (= 0.62.0)
    - React-jsinspector (= 0.62.0)
    - Yoga
  - React-Core/RCTActionSheetHeaders (0.62.0):
    - Folly (= 2018.10.22.00)
    - glog
    - React-Core/Default
    - React-cxxreact (= 0.62.0)
    - React-jsi (= 0.62.0)
    - React-jsiexecutor (= 0.62.0)
    - Yoga
  - React-Core/RCTAnimationHeaders (0.62.0):
    - Folly (= 2018.10.22.00)
    - glog
    - React-Core/Default
    - React-cxxreact (= 0.62.0)
    - React-jsi (= 0.62.0)
    - React-jsiexecutor (= 0.62.0)
    - Yoga
  - React-Core/RCTBlobHeaders (0.62.0):
    - Folly (= 2018.10.22.00)
    - glog
    - React-Core/Default
    - React-cxxreact (= 0.62.0)
    - React-jsi (= 0.62.0)
    - React-jsiexecutor (= 0.62.0)
    - Yoga
  - React-Core/RCTImageHeaders (0.62.0):
    - Folly (= 2018.10.22.00)
    - glog
    - React-Core/Default
    - React-cxxreact (= 0.62.0)
    - React-jsi (= 0.62.0)
    - React-jsiexecutor (= 0.62.0)
    - Yoga
  - React-Core/RCTLinkingHeaders (0.62.0):
    - Folly (= 2018.10.22.00)
    - glog
    - React-Core/Default
    - React-cxxreact (= 0.62.0)
    - React-jsi (= 0.62.0)
    - React-jsiexecutor (= 0.62.0)
    - Yoga
  - React-Core/RCTNetworkHeaders (0.62.0):
    - Folly (= 2018.10.22.00)
    - glog
    - React-Core/Default
    - React-cxxreact (= 0.62.0)
    - React-jsi (= 0.62.0)
    - React-jsiexecutor (= 0.62.0)
    - Yoga
  - React-Core/RCTSettingsHeaders (0.62.0):
    - Folly (= 2018.10.22.00)
    - glog
    - React-Core/Default
    - React-cxxreact (= 0.62.0)
    - React-jsi (= 0.62.0)
    - React-jsiexecutor (= 0.62.0)
    - Yoga
  - React-Core/RCTTextHeaders (0.62.0):
    - Folly (= 2018.10.22.00)
    - glog
    - React-Core/Default
    - React-cxxreact (= 0.62.0)
    - React-jsi (= 0.62.0)
    - React-jsiexecutor (= 0.62.0)
    - Yoga
  - React-Core/RCTVibrationHeaders (0.62.0):
    - Folly (= 2018.10.22.00)
    - glog
    - React-Core/Default
    - React-cxxreact (= 0.62.0)
    - React-jsi (= 0.62.0)
    - React-jsiexecutor (= 0.62.0)
    - Yoga
  - React-Core/RCTWebSocket (0.62.0):
    - Folly (= 2018.10.22.00)
    - glog
    - React-Core/Default (= 0.62.0)
    - React-cxxreact (= 0.62.0)
    - React-jsi (= 0.62.0)
    - React-jsiexecutor (= 0.62.0)
    - Yoga
  - React-CoreModules (0.62.0):
    - FBReactNativeSpec (= 0.62.0)
    - Folly (= 2018.10.22.00)
    - RCTTypeSafety (= 0.62.0)
    - React-Core/CoreModulesHeaders (= 0.62.0)
    - React-RCTImage (= 0.62.0)
    - ReactCommon/turbomodule/core (= 0.62.0)
  - React-cxxreact (0.62.0):
    - boost-for-react-native (= 1.63.0)
    - DoubleConversion
    - Folly (= 2018.10.22.00)
    - glog
    - React-jsinspector (= 0.62.0)
  - React-jsi (0.62.0):
    - boost-for-react-native (= 1.63.0)
    - DoubleConversion
    - Folly (= 2018.10.22.00)
    - glog
    - React-jsi/Default (= 0.62.0)
  - React-jsi/Default (0.62.0):
    - boost-for-react-native (= 1.63.0)
    - DoubleConversion
    - Folly (= 2018.10.22.00)
    - glog
  - React-jsiexecutor (0.62.0):
    - DoubleConversion
    - Folly (= 2018.10.22.00)
    - glog
    - React-cxxreact (= 0.62.0)
    - React-jsi (= 0.62.0)
  - React-jsinspector (0.62.0)
  - react-native-camera (3.19.0):
    - React
    - react-native-camera/RCT (= 3.19.0)
    - react-native-camera/RN (= 3.19.0)
  - react-native-camera/RCT (3.19.0):
    - React
  - react-native-camera/RN (3.19.0):
    - React
  - react-native-geolocation (2.0.2):
    - React
  - react-native-google-maps (0.26.1):
    - Google-Maps-iOS-Utils (= 2.1.0)
    - GoogleMaps (= 3.2.0)
    - React
  - react-native-maps (0.26.1):
    - React
  - react-native-safe-area-context (0.7.3):
    - React
  - React-RCTActionSheet (0.62.0):
    - React-Core/RCTActionSheetHeaders (= 0.62.0)
  - React-RCTAnimation (0.62.0):
    - FBReactNativeSpec (= 0.62.0)
    - Folly (= 2018.10.22.00)
    - RCTTypeSafety (= 0.62.0)
    - React-Core/RCTAnimationHeaders (= 0.62.0)
    - ReactCommon/turbomodule/core (= 0.62.0)
  - React-RCTBlob (0.62.0):
    - FBReactNativeSpec (= 0.62.0)
    - Folly (= 2018.10.22.00)
    - React-Core/RCTBlobHeaders (= 0.62.0)
    - React-Core/RCTWebSocket (= 0.62.0)
    - React-jsi (= 0.62.0)
    - React-RCTNetwork (= 0.62.0)
    - ReactCommon/turbomodule/core (= 0.62.0)
  - React-RCTImage (0.62.0):
    - FBReactNativeSpec (= 0.62.0)
    - Folly (= 2018.10.22.00)
    - RCTTypeSafety (= 0.62.0)
    - React-Core/RCTImageHeaders (= 0.62.0)
    - React-RCTNetwork (= 0.62.0)
    - ReactCommon/turbomodule/core (= 0.62.0)
  - React-RCTLinking (0.62.0):
    - FBReactNativeSpec (= 0.62.0)
    - React-Core/RCTLinkingHeaders (= 0.62.0)
    - ReactCommon/turbomodule/core (= 0.62.0)
  - React-RCTNetwork (0.62.0):
    - FBReactNativeSpec (= 0.62.0)
    - Folly (= 2018.10.22.00)
    - RCTTypeSafety (= 0.62.0)
    - React-Core/RCTNetworkHeaders (= 0.62.0)
    - ReactCommon/turbomodule/core (= 0.62.0)
  - React-RCTSettings (0.62.0):
    - FBReactNativeSpec (= 0.62.0)
    - Folly (= 2018.10.22.00)
    - RCTTypeSafety (= 0.62.0)
    - React-Core/RCTSettingsHeaders (= 0.62.0)
    - ReactCommon/turbomodule/core (= 0.62.0)
  - React-RCTText (0.62.0):
    - React-Core/RCTTextHeaders (= 0.62.0)
  - React-RCTVibration (0.62.0):
    - FBReactNativeSpec (= 0.62.0)
    - Folly (= 2018.10.22.00)
    - React-Core/RCTVibrationHeaders (= 0.62.0)
    - ReactCommon/turbomodule/core (= 0.62.0)
  - ReactCommon/callinvoker (0.62.0):
    - DoubleConversion
    - Folly (= 2018.10.22.00)
    - glog
    - React-cxxreact (= 0.62.0)
  - ReactCommon/turbomodule/core (0.62.0):
    - DoubleConversion
    - Folly (= 2018.10.22.00)
    - glog
    - React-Core (= 0.62.0)
    - React-cxxreact (= 0.62.0)
    - React-jsi (= 0.62.0)
    - ReactCommon/callinvoker (= 0.62.0)
  - ReactNativeDarkMode (0.2.2):
    - React
  - RNCMaskedView (0.1.6):
    - React
  - RNCzPermission (0.0.2):
    - React
  - RNFirebase (5.6.0):
    - Firebase/Core
    - React
    - RNFirebase/Crashlytics (= 5.6.0)
  - RNFirebase/Crashlytics (5.6.0):
    - Crashlytics
    - Fabric
    - Firebase/Core
    - React
  - RNGestureHandler (1.6.0):
    - React
  - RNReanimated (1.7.0):
    - React
  - RNScreens (2.0.0-beta.4):
    - React
  - RNSVG (12.0.2):
    - React
  - Yoga (1.14.0)

DEPENDENCIES:
  - DoubleConversion (from `../node_modules/react-native/third-party-podspecs/DoubleConversion.podspec`)
  - FBLazyVector (from `../node_modules/react-native/Libraries/FBLazyVector`)
  - FBReactNativeSpec (from `../node_modules/react-native/Libraries/FBReactNativeSpec`)
  - Folly (from `../node_modules/react-native/third-party-podspecs/Folly.podspec`)
  - glog (from `../node_modules/react-native/third-party-podspecs/glog.podspec`)
  - Google-Maps-iOS-Utils
  - GoogleMaps
  - RCTRequired (from `../node_modules/react-native/Libraries/RCTRequired`)
  - RCTRestart (from `../node_modules/react-native-restart`)
  - RCTTypeSafety (from `../node_modules/react-native/Libraries/TypeSafety`)
  - React (from `../node_modules/react-native/`)
  - React-Core (from `../node_modules/react-native/`)
  - React-Core/DevSupport (from `../node_modules/react-native/`)
  - React-Core/RCTWebSocket (from `../node_modules/react-native/`)
  - React-CoreModules (from `../node_modules/react-native/React/CoreModules`)
  - React-cxxreact (from `../node_modules/react-native/ReactCommon/cxxreact`)
  - React-jsi (from `../node_modules/react-native/ReactCommon/jsi`)
  - React-jsiexecutor (from `../node_modules/react-native/ReactCommon/jsiexecutor`)
  - React-jsinspector (from `../node_modules/react-native/ReactCommon/jsinspector`)
  - react-native-camera (from `../node_modules/react-native-camera`)
  - "react-native-geolocation (from `../node_modules/@react-native-community/geolocation`)"
  - react-native-google-maps (from `../node_modules/react-native-maps`)
  - react-native-maps (from `../node_modules/react-native-maps`)
  - react-native-safe-area-context (from `../node_modules/react-native-safe-area-context`)
  - React-RCTActionSheet (from `../node_modules/react-native/Libraries/ActionSheetIOS`)
  - React-RCTAnimation (from `../node_modules/react-native/Libraries/NativeAnimation`)
  - React-RCTBlob (from `../node_modules/react-native/Libraries/Blob`)
  - React-RCTImage (from `../node_modules/react-native/Libraries/Image`)
  - React-RCTLinking (from `../node_modules/react-native/Libraries/LinkingIOS`)
  - React-RCTNetwork (from `../node_modules/react-native/Libraries/Network`)
  - React-RCTSettings (from `../node_modules/react-native/Libraries/Settings`)
  - React-RCTText (from `../node_modules/react-native/Libraries/Text`)
  - React-RCTVibration (from `../node_modules/react-native/Libraries/Vibration`)
  - ReactCommon/callinvoker (from `../node_modules/react-native/ReactCommon`)
  - ReactCommon/turbomodule/core (from `../node_modules/react-native/ReactCommon`)
  - ReactNativeDarkMode (from `../node_modules/react-native-dark-mode`)
  - "RNCMaskedView (from `../node_modules/@react-native-community/masked-view`)"
  - RNCzPermission (from `../node_modules/react-native-cz-permission/ios/RNCzPermission.podspec`)
  - RNFirebase (from `../node_modules/react-native-firebase/ios`)
  - RNGestureHandler (from `../node_modules/react-native-gesture-handler`)
  - RNReanimated (from `../node_modules/react-native-reanimated`)
  - RNScreens (from `../node_modules/react-native-screens`)
  - RNSVG (from `../node_modules/react-native-svg`)
  - Yoga (from `../node_modules/react-native/ReactCommon/yoga`)

SPEC REPOS:
  trunk:
    - boost-for-react-native
    - Crashlytics
    - Fabric
    - Firebase
    - FirebaseAnalytics
    - FirebaseCore
    - FirebaseCoreDiagnostics
    - FirebaseCoreDiagnosticsInterop
    - FirebaseInstallations
    - Google-Maps-iOS-Utils
    - GoogleAppMeasurement
    - GoogleDataTransport
    - GoogleDataTransportCCTSupport
    - GoogleMaps
    - GoogleUtilities
    - nanopb
    - PromisesObjC

EXTERNAL SOURCES:
  DoubleConversion:
    :podspec: "../node_modules/react-native/third-party-podspecs/DoubleConversion.podspec"
  FBLazyVector:
    :path: "../node_modules/react-native/Libraries/FBLazyVector"
  FBReactNativeSpec:
    :path: "../node_modules/react-native/Libraries/FBReactNativeSpec"
  Folly:
    :podspec: "../node_modules/react-native/third-party-podspecs/Folly.podspec"
  glog:
    :podspec: "../node_modules/react-native/third-party-podspecs/glog.podspec"
  RCTRequired:
    :path: "../node_modules/react-native/Libraries/RCTRequired"
  RCTRestart:
    :path: "../node_modules/react-native-restart"
  RCTTypeSafety:
    :path: "../node_modules/react-native/Libraries/TypeSafety"
  React:
    :path: "../node_modules/react-native/"
  React-Core:
    :path: "../node_modules/react-native/"
  React-CoreModules:
    :path: "../node_modules/react-native/React/CoreModules"
  React-cxxreact:
    :path: "../node_modules/react-native/ReactCommon/cxxreact"
  React-jsi:
    :path: "../node_modules/react-native/ReactCommon/jsi"
  React-jsiexecutor:
    :path: "../node_modules/react-native/ReactCommon/jsiexecutor"
  React-jsinspector:
    :path: "../node_modules/react-native/ReactCommon/jsinspector"
  react-native-camera:
    :path: "../node_modules/react-native-camera"
  react-native-geolocation:
    :path: "../node_modules/@react-native-community/geolocation"
  react-native-google-maps:
    :path: "../node_modules/react-native-maps"
  react-native-maps:
    :path: "../node_modules/react-native-maps"
  react-native-safe-area-context:
    :path: "../node_modules/react-native-safe-area-context"
  React-RCTActionSheet:
    :path: "../node_modules/react-native/Libraries/ActionSheetIOS"
  React-RCTAnimation:
    :path: "../node_modules/react-native/Libraries/NativeAnimation"
  React-RCTBlob:
    :path: "../node_modules/react-native/Libraries/Blob"
  React-RCTImage:
    :path: "../node_modules/react-native/Libraries/Image"
  React-RCTLinking:
    :path: "../node_modules/react-native/Libraries/LinkingIOS"
  React-RCTNetwork:
    :path: "../node_modules/react-native/Libraries/Network"
  React-RCTSettings:
    :path: "../node_modules/react-native/Libraries/Settings"
  React-RCTText:
    :path: "../node_modules/react-native/Libraries/Text"
  React-RCTVibration:
    :path: "../node_modules/react-native/Libraries/Vibration"
  ReactCommon:
    :path: "../node_modules/react-native/ReactCommon"
  ReactNativeDarkMode:
    :path: "../node_modules/react-native-dark-mode"
  RNCMaskedView:
    :path: "../node_modules/@react-native-community/masked-view"
  RNCzPermission:
    :path: "../node_modules/react-native-cz-permission/ios/RNCzPermission.podspec"
  RNFirebase:
    :path: "../node_modules/react-native-firebase/ios"
  RNGestureHandler:
    :path: "../node_modules/react-native-gesture-handler"
  RNReanimated:
    :path: "../node_modules/react-native-reanimated"
  RNScreens:
    :path: "../node_modules/react-native-screens"
  RNSVG:
    :path: "../node_modules/react-native-svg"
  Yoga:
    :path: "../node_modules/react-native/ReactCommon/yoga"

SPEC CHECKSUMS:
  boost-for-react-native: 39c7adb57c4e60d6c5479dd8623128eb5b3f0f2c
  Crashlytics: 540b7e5f5da5a042647227a5e3ac51d85eed06df
  DoubleConversion: 5805e889d232975c086db112ece9ed034df7a0b2
  Fabric: 706c8b8098fff96c33c0db69cbf81f9c551d0d74
  FBLazyVector: 545eccf4f6ef2de8fd450fd8a1edb3f913c7371a
  FBReactNativeSpec: 85c7f8347f4a6e911742228e89e245187afa298e
  Firebase: 5719b4f965f76643241a1bb8244483ff6117db39
  FirebaseAnalytics: 93565f3f0f0f50a5d8770850bfe6a82eaba5db27
  FirebaseCore: 6023faeada5afa95a349fccafb40900e32e9ac42
  FirebaseCoreDiagnostics: 4a773a47bd83bbd5a9b1ccf1ce7caa8b2d535e67
  FirebaseCoreDiagnosticsInterop: 296e2c5f5314500a850ad0b83e9e7c10b011a850
  FirebaseInstallations: 2119fb3e46b0a88bfdbf12562f855ee3252462fa
  Folly: 30e7936e1c45c08d884aa59369ed951a8e68cf51
  glog: 1f3da668190260b06b429bb211bfbee5cd790c28
  Google-Maps-iOS-Utils: c32891ff472eaaa1fca032beedafa1a013af7875
  GoogleAppMeasurement: 137afe68bfa406c3f4221b9395253d9e5d4654cf
  GoogleDataTransport: ad884314b81cdb808fb1d23787b367ff8da4e28a
  GoogleDataTransportCCTSupport: d70a561f7d236af529fee598835caad5e25f6d3d
  GoogleMaps: 5046d7edfe381c1a0b20fdaf293915a375c3122b
  GoogleUtilities: 39530bc0ad980530298e9c4af8549e991fd033b1
  nanopb: c43f40fadfe79e8b8db116583945847910cbabc9
  PromisesObjC: c119f3cd559f50b7ae681fa59dc1acd19173b7e6
  RCTRequired: 0873f5bdb1762d2b9b1ae16a01c4f91d6ee3b6dd
  RCTRestart: f1ebdc8018ad1487f25d5098aae2510cccb064b4
  RCTTypeSafety: a605e0cc0e4220f6e65896bd9e675073c2978f35
  React: 8abf6bdd2b05538e9445f7bbda800df744068bfe
  React-Core: d6daa0d60a4180915e889a5e81f28522cb30359a
  React-CoreModules: 9d5343b095a52e830954a1dd7ae1cb9321ceeddc
  React-cxxreact: c108ca236585b9c802f1eeab11fed1a023faac3a
  React-jsi: bc8166d6833cdcb0848c80710b26ce63fad2c099
  React-jsiexecutor: 8bf0b2707f05865113415088c398a7f98c0cf546
  React-jsinspector: 8e5913c4c6c54f0d3f9c9fc630c465a89cded65d
  react-native-camera: 1a62f163f06c7e54811fc9396cdb80269a665238
  react-native-geolocation: cbd9d6bd06bac411eed2671810f454d4908484a8
  react-native-google-maps: 2e2e697dab576abd5809d78cd74e775865b62bf7
  react-native-maps: 6e499eee4eabf422ba8b6f94e993cc768bf35153
  react-native-safe-area-context: 8260e5157617df4b72865f44006797f895b2ada7
  React-RCTActionSheet: 674afbc8b9c76e0a83520e0a51da29a70802c03f
  React-RCTAnimation: f5f24330d09ee677fb49e0782f8321868f4df431
  React-RCTBlob: b773ce6138ab0d172ebd8a455fd4efd200a92549
  React-RCTImage: 8dbaa77916f9d21ff8faa0f3f5f06d4069c28e93
  React-RCTLinking: 312a2b3511e2829e68c300c2cdcae4282fefc7ef
  React-RCTNetwork: 4b87acf29c38b8819bea67dad3edeca7b9a20718
  React-RCTSettings: be798c8b33392a90d9d551644610ffa349a89255
  React-RCTText: 91a0d0ae5434aa28fe0c89c03eb9d660ff53bd9b
  React-RCTVibration: 0630aeb11e22f87c180ca9c0c3a0a0aba780cc62
  ReactCommon: d22162ab8f1358c53dfcd0f9c4d82d38facdbc48
  ReactNativeDarkMode: 0178ffca3b10f6a7c9f49d6f9810232b328fa949
  RNCMaskedView: e5b99bc191945f157adeede68da9d424462de177
  RNCzPermission: e519ee0b2575283e93ba58da549239cc874b42e6
  RNFirebase: 37daa9a346d070f9f6ee1f3b4aaf4c8e3b1d5d1c
  RNGestureHandler: dde546180bf24af0b5f737c8ad04b6f3fa51609a
  RNReanimated: 031fe8d9ea93c2bd689a40f05320ef9d96f74d7f
  RNScreens: 6053a007667bea81a69087caadf103bba04c032e
  RNSVG: 9f7446f2e8fb1a5dc66a4aff58c33d367291d34c
  Yoga: 9db9ff2025ad21d1ac0a8b3c85d5ac4e7c29d525

PODFILE CHECKSUM: 186f2b785ca2cf74a4c653f70c68f464398468c8

COCOAPODS: 1.9.1
